
Microsoft Visual Studio Solution File, Format Version 12.00
# Visual Studio Version 17
VisualStudioVersion = 17.0.32014.148
MinimumVisualStudioVersion = 10.0.40219.1
Project("{FAE04EC0-301F-11D3-BF4B-00C04F79EFBC}") = "AsyncWebServiceRepro", "AsyncWebServiceRepro\AsyncWebServiceRepro.csproj", "{83C26D45-A48A-4B5D-9CDB-C2590B2C711D}"
EndProject
Global
	GlobalSection(SolutionConfigurationPlatforms) = preSolution
		Debug|Any CPU = Debug|Any CPU
		Release|Any CPU = Release|Any CPU
	EndGlobalSection
	GlobalSection(ProjectConfigurationPlatforms) = postSolution
		{83C26D45-A48A-4B5D-9CDB-C2590B2C711D}.Debug|Any CPU.ActiveCfg = Debug|Any CPU
		{83C26D45-A48A-4B5D-9CDB-C2590B2C711D}.Debug|Any CPU.Build.0 = Debug|Any CPU
		{83C26D45-A48A-4B5D-9CDB-C2590B2C711D}.Release|Any CPU.ActiveCfg = Release|Any CPU
		{83C26D45-A48A-4B5D-9CDB-C2590B2C711D}.Release|Any CPU.Build.0 = Release|Any CPU
	EndGlobalSection
	GlobalSection(SolutionProperties) = preSolution
		HideSolutionNode = FALSE
	EndGlobalSection
	GlobalSection(ExtensibilityGlobals) = postSolution
		SolutionGuid = {A77E4E1D-08CD-4D4E-8C75-7914900D2548}
	EndGlobalSection
EndGlobal
